
Microsoft Visual Studio Solution File, Format Version 12.00
# Visual Studio Version 16
VisualStudioVersion = 16.0.31624.102
MinimumVisualStudioVersion = 10.0.40219.1
Project("{FAE04EC0-301F-11D3-BF4B-00C04F79EFBC}") = "7", "7\7.csproj", "{7490A6F1-3483-4698-9ECC-3FDA8AD6997D}"
EndProject
Global
	GlobalSection(SolutionConfigurationPlatforms) = preSolution
		Debug|Any CPU = Debug|Any CPU
		Release|Any CPU = Release|Any CPU
	EndGlobalSection
	GlobalSection(ProjectConfigurationPlatforms) = postSolution
		{7490A6F1-3483-4698-9ECC-3FDA8AD6997D}.Debug|Any CPU.ActiveCfg = Debug|Any CPU
		{7490A6F1-3483-4698-9ECC-3FDA8AD6997D}.Debug|Any CPU.Build.0 = Debug|Any CPU
		{7490A6F1-3483-4698-9ECC-3FDA8AD6997D}.Release|Any CPU.ActiveCfg = Release|Any CPU
		{7490A6F1-3483-4698-9ECC-3FDA8AD6997D}.Release|Any CPU.Build.0 = Release|Any CPU
	EndGlobalSection
	GlobalSection(SolutionProperties) = preSolution
		HideSolutionNode = FALSE
	EndGlobalSection
	GlobalSection(ExtensibilityGlobals) = postSolution
		SolutionGuid = {C9D7A97C-A8B6-4EC6-AAE2-549406075521}
	EndGlobalSection
EndGlobal
